# This file is generated by running "yarn install" inside your project.
# Manual changes might be lost - proceed with caution!

__metadata:
  version: 6
  cacheKey: 8

"@next/env@npm:12.3.4":
  version: 12.3.4
  resolution: "@next/env@npm:12.3.4"
  checksum: daa3fc11efd1344c503eab41311a0e503ba7fd08607eeb3dc571036a6211eb37959cc4ed48b71dcc411cc214e7623ffd02411080aad3e09dc6a1192d5b256e60
  languageName: node
  linkType: hard

"@next/swc-android-arm-eabi@npm:12.3.4":
  version: 12.3.4
  resolution: "@next/swc-android-arm-eabi@npm:12.3.4"
  conditions: os=android & cpu=arm
  languageName: node
  linkType: hard

"@next/swc-android-arm64@npm:12.3.4":
  version: 12.3.4
  resolution: "@next/swc-android-arm64@npm:12.3.4"
  conditions: os=android & cpu=arm64
  languageName: node
  linkType: hard

"@next/swc-darwin-arm64@npm:12.3.4":
  version: 12.3.4
  resolution: "@next/swc-darwin-arm64@npm:12.3.4"
  conditions: os=darwin & cpu=arm64
  languageName: node
  linkType: hard

"@next/swc-darwin-x64@npm:12.3.4":
  version: 12.3.4
  resolution: "@next/swc-darwin-x64@npm:12.3.4"
  conditions: os=darwin & cpu=x64
  languageName: node
  linkType: hard

"@next/swc-freebsd-x64@npm:12.3.4":
  version: 12.3.4
  resolution: "@next/swc-freebsd-x64@npm:12.3.4"
  conditions: os=freebsd & cpu=x64
  languageName: node
  linkType: hard

"@next/swc-linux-arm-gnueabihf@npm:12.3.4":
  version: 12.3.4
  resolution: "@next/swc-linux-arm-gnueabihf@npm:12.3.4"
  conditions: os=linux & cpu=arm
  languageName: node
  linkType: hard

"@next/swc-linux-arm64-gnu@npm:12.3.4":
  version: 12.3.4
  resolution: "@next/swc-linux-arm64-gnu@npm:12.3.4"
  conditions: os=linux & cpu=arm64 & libc=glibc
  languageName: node
  linkType: hard

"@next/swc-linux-arm64-musl@npm:12.3.4":
  version: 12.3.4
  resolution: "@next/swc-linux-arm64-musl@npm:12.3.4"
  conditions: os=linux & cpu=arm64 & libc=musl
  languageName: node
  linkType: hard

"@next/swc-linux-x64-gnu@npm:12.3.4":
  version: 12.3.4
  resolution: "@next/swc-linux-x64-gnu@npm:12.3.4"
  conditions: os=linux & cpu=x64 & libc=glibc
  languageName: node
  linkType: hard

"@next/swc-linux-x64-musl@npm:12.3.4":
  version: 12.3.4
  resolution: "@next/swc-linux-x64-musl@npm:12.3.4"
  conditions: os=linux & cpu=x64 & libc=musl
  languageName: node
  linkType: hard

"@next/swc-win32-arm64-msvc@npm:12.3.4":
  version: 12.3.4
  resolution: "@next/swc-win32-arm64-msvc@npm:12.3.4"
  conditions: os=win32 & cpu=arm64
  languageName: node
  linkType: hard

"@next/swc-win32-ia32-msvc@npm:12.3.4":
  version: 12.3.4
  resolution: "@next/swc-win32-ia32-msvc@npm:12.3.4"
  conditions: os=win32 & cpu=ia32
  languageName: node
  linkType: hard

"@next/swc-win32-x64-msvc@npm:12.3.4":
  version: 12.3.4
  resolution: "@next/swc-win32-x64-msvc@npm:12.3.4"
  conditions: os=win32 & cpu=x64
  languageName: node
  linkType: hard

"@swc/helpers@npm:0.4.11":
  version: 0.4.11
  resolution: "@swc/helpers@npm:0.4.11"
  dependencies:
    tslib: ^2.4.0
  checksum: 736857d524b41a8a4db81094e9b027f554004e0fa3e86325d85bdb38f7e6459ce022db079edb6c61ba0f46fe8583b3e663e95f7acbd13e51b8da6c34e45bba2e
  languageName: node
  linkType: hard

"babel-plugin-transform-rename-import@npm:2.3.0":
  version: 2.3.0
  resolution: "babel-plugin-transform-rename-import@npm:2.3.0"
  checksum: 2ed19d3ec4922b4bef5390c60b96d99874ece3e255966556373d5401b261715e5e31863ca1c75db15c6192ce8eeee8ddcb2eb5422c4d25bb073017456c11b438
  languageName: node
  linkType: hard

"caniuse-lite@npm:^1.0.30001406":
  version: 1.0.30001445
  resolution: "caniuse-lite@npm:1.0.30001445"
  checksum: f98ca67829c3c52af5af0a62b8510432b2ad9594437d24ad460a6eb1a23d93e7a31631b1f550fbbe482ad05c467aa00da710a41699eb13d1f246d7db4147ab79
  languageName: node
  linkType: hard

"nanoid@npm:^3.3.4":
  version: 3.3.4
  resolution: "nanoid@npm:3.3.4"
  bin:
    nanoid: bin/nanoid.cjs
  checksum: 2fddd6dee994b7676f008d3ffa4ab16035a754f4bb586c61df5a22cf8c8c94017aadd360368f47d653829e0569a92b129979152ff97af23a558331e47e37cd9c
  languageName: node
  linkType: hard

"next@npm:12.3.4":
  version: 12.3.4
  resolution: "next@npm:12.3.4"
  dependencies:
    "@next/env": 12.3.4
    "@next/swc-android-arm-eabi": 12.3.4
    "@next/swc-android-arm64": 12.3.4
    "@next/swc-darwin-arm64": 12.3.4
    "@next/swc-darwin-x64": 12.3.4
    "@next/swc-freebsd-x64": 12.3.4
    "@next/swc-linux-arm-gnueabihf": 12.3.4
    "@next/swc-linux-arm64-gnu": 12.3.4
    "@next/swc-linux-arm64-musl": 12.3.4
    "@next/swc-linux-x64-gnu": 12.3.4
    "@next/swc-linux-x64-musl": 12.3.4
    "@next/swc-win32-arm64-msvc": 12.3.4
    "@next/swc-win32-ia32-msvc": 12.3.4
    "@next/swc-win32-x64-msvc": 12.3.4
    "@swc/helpers": 0.4.11
    caniuse-lite: ^1.0.30001406
    postcss: 8.4.14
    styled-jsx: 5.0.7
    use-sync-external-store: 1.2.0
  peerDependencies:
    fibers: ">= 3.1.0"
    node-sass: ^6.0.0 || ^7.0.0
    react: ^17.0.2 || ^18.0.0-0
    react-dom: ^17.0.2 || ^18.0.0-0
    sass: ^1.3.0
  dependenciesMeta:
    "@next/swc-android-arm-eabi":
      optional: true
    "@next/swc-android-arm64":
      optional: true
    "@next/swc-darwin-arm64":
      optional: true
    "@next/swc-darwin-x64":
      optional: true
    "@next/swc-freebsd-x64":
      optional: true
    "@next/swc-linux-arm-gnueabihf":
      optional: true
    "@next/swc-linux-arm64-gnu":
      optional: true
    "@next/swc-linux-arm64-musl":
      optional: true
    "@next/swc-linux-x64-gnu":
      optional: true
    "@next/swc-linux-x64-musl":
      optional: true
    "@next/swc-win32-arm64-msvc":
      optional: true
    "@next/swc-win32-ia32-msvc":
      optional: true
    "@next/swc-win32-x64-msvc":
      optional: true
  peerDependenciesMeta:
    fibers:
      optional: true
    node-sass:
      optional: true
    sass:
      optional: true
  bin:
    next: dist/bin/next
  checksum: d96fc4f5bcd5a630d74111519f4820dcbd75dddf16c6d00d2167bd3cb8d74965d46d83c8e5ec301bf999013c7d96f1bfff9424f0221317d68b594c4d01f5825e
  languageName: node
  linkType: hard

"picocolors@npm:^1.0.0":
  version: 1.0.0
  resolution: "picocolors@npm:1.0.0"
  checksum: a2e8092dd86c8396bdba9f2b5481032848525b3dc295ce9b57896f931e63fc16f79805144321f72976383fc249584672a75cc18d6777c6b757603f372f745981
  languageName: node
  linkType: hard

"postcss@npm:8.4.14":
  version: 8.4.14
  resolution: "postcss@npm:8.4.14"
  dependencies:
    nanoid: ^3.3.4
    picocolors: ^1.0.0
    source-map-js: ^1.0.2
  checksum: fe58766ff32e4becf65a7d57678995cfd239df6deed2fe0557f038b47c94e4132e7e5f68b5aa820c13adfec32e523b693efaeb65798efb995ce49ccd83953816
  languageName: node
  linkType: hard

"simorgh-nextjs@workspace:.":
  version: 0.0.0-use.local
  resolution: "simorgh-nextjs@workspace:."
  dependencies:
    babel-plugin-transform-rename-import: 2.3.0
    next: 12.3.4
  languageName: unknown
  linkType: soft

"source-map-js@npm:^1.0.2":
  version: 1.0.2
  resolution: "source-map-js@npm:1.0.2"
  checksum: c049a7fc4deb9a7e9b481ae3d424cc793cb4845daa690bc5a05d428bf41bf231ced49b4cf0c9e77f9d42fdb3d20d6187619fc586605f5eabe995a316da8d377c
  languageName: node
  linkType: hard

"styled-jsx@npm:5.0.7":
  version: 5.0.7
  resolution: "styled-jsx@npm:5.0.7"
  peerDependencies:
    react: ">= 16.8.0 || 17.x.x || ^18.0.0-0"
  peerDependenciesMeta:
    "@babel/core":
      optional: true
    babel-plugin-macros:
      optional: true
  checksum: 61959993915f4b1662a682dbbefb3512de9399cf6901969bcadd26ba5441d2b5ca5c1021b233bbd573da2541b41efb45d56c6f618dbc8d88a381ebc62461fefe
  languageName: node
  linkType: hard

"tslib@npm:^2.4.0":
  version: 2.4.0
  resolution: "tslib@npm:2.4.0"
  checksum: 8c4aa6a3c5a754bf76aefc38026134180c053b7bd2f81338cb5e5ebf96fefa0f417bff221592bf801077f5bf990562f6264fecbc42cd3309b33872cb6fc3b113
  languageName: node
  linkType: hard

"use-sync-external-store@npm:1.2.0":
  version: 1.2.0
  resolution: "use-sync-external-store@npm:1.2.0"
  peerDependencies:
    react: ^16.8.0 || ^17.0.0 || ^18.0.0
  checksum: 5c639e0f8da3521d605f59ce5be9e094ca772bd44a4ce7322b055a6f58eeed8dda3c94cabd90c7a41fb6fa852210092008afe48f7038792fd47501f33299116a
  languageName: node
  linkType: hard
